{
  "version": 4,
  "terraform_version": "1.8.2",
  "serial": 135,
  "lineage": "ad532776-eb59-94e4-dbe2-d02cbcd943ab",
  "outputs": {
    "mg_connectivity_name": {
      "value": "/providers/Microsoft.Management/managementGroups/b612a93d-0b2c-477b-93f9-6b0b2eb8b647",
      "type": "string"
    },
    "mg_corp_name": {
      "value": "/providers/Microsoft.Management/managementGroups/536192b8-287b-410d-a129-9f00ddf768b8",
      "type": "string"
    },
    "mg_decommissioned_name": {
      "value": "/providers/Microsoft.Management/managementGroups/1c3376c8-1afe-4e17-ae5b-90b50f4c44f6",
      "type": "string"
    },
    "mg_identity_name": {
      "value": "/providers/Microsoft.Management/managementGroups/7bd5a8dc-85dc-4a57-89fe-6f051c52cd2c",
      "type": "string"
    },
    "mg_landing_zone_name": {
      "value": "/providers/Microsoft.Management/managementGroups/03756e85-d7f1-4b9e-8f1c-e92ef59b0957",
      "type": "string"
    },
    "mg_management_name": {
      "value": "/providers/Microsoft.Management/managementGroups/5f81f2b1-6622-484d-b330-8dde86468593",
      "type": "string"
    },
    "mg_online_name": {
      "value": "/providers/Microsoft.Management/managementGroups/eb0ec896-0332-43d3-b25c-dc30ea65a099",
      "type": "string"
    },
    "mg_parent": {
      "value": "/providers/Microsoft.Management/managementGroups/d6145077-7889-490a-81be-d4aa349708ac",
      "type": "string"
    },
    "mg_platform_name": {
      "value": "/providers/Microsoft.Management/managementGroups/7e0b4cd3-74e0-4e72-9f43-877a349e10d2",
      "type": "string"
    },
    "mg_sandbox_name": {
      "value": "/providers/Microsoft.Management/managementGroups/818f8db1-d061-46cb-b5ab-e70a7651ead5",
      "type": "string"
    },
    "mg_security_name": {
      "value": "/providers/Microsoft.Management/managementGroups/b5af7141-1c09-4942-b600-f4e268603668",
      "type": "string"
    },
    "subscription_application_name": {
      "value": "/subscriptions/b89bf583-c969-4743-8f42-6878bfb7406a",
      "type": "string"
    },
    "subscription_connectivity_name": {
      "value": "/subscriptions/00898e4d-aeee-49aa-b907-d8473d2234d3",
      "type": "string"
    },
    "subscription_identity_name": {
      "value": "/subscriptions/151bd1cb-49f5-4c90-b3c9-86f6378bfa7a",
      "type": "string"
    },
    "subscription_management_name": {
      "value": "/subscriptions/a57406d2-0fce-4a90-92c3-9a13b56e29e6",
      "type": "string"
    },
    "subscription_online_name": {
      "value": "/subscriptions/24eae693-5914-454a-ac50-2db6d7df85d1",
      "type": "string"
    },
    "subscription_security_name": {
      "value": "/subscriptions/687bb9f6-ffaa-47e7-b7b9-e7fdcf75b924",
      "type": "string"
    }
  },
  "resources": [
    {
      "mode": "data",
      "type": "azurerm_client_config",
      "name": "core",
      "provider": "provider[\"registry.terraform.io/hashicorp/azurerm\"]",
      "instances": [
        {
          "schema_version": 0,
          "attributes": {
            "client_id": "04b07795-8ddb-461a-bbee-02f9e1bf7b46",
            "id": "Y2xpZW50Q29uZmlncy9jbGllbnRJZD0wNGIwNzc5NS04ZGRiLTQ2MWEtYmJlZS0wMmY5ZTFiZjdiNDY7b2JqZWN0SWQ9ZTBlNzA0ODktN2U2YS00NWU1LWI4YjItYjc3YmJhZDg3YWViO3N1YnNjcmlwdGlvbklkPTAwODk4ZTRkLWFlZWUtNDlhYS1iOTA3LWQ4NDczZDIyMzRkMzt0ZW5hbnRJZD1hNDg5M2QzMC1mMjhiLTRiMzctOTI2ZS00NDY1NDcxZGMxODY=",
            "object_id": "e0e70489-7e6a-45e5-b8b2-b77bbad87aeb",
            "subscription_id": "00898e4d-aeee-49aa-b907-d8473d2234d3",
            "tenant_id": "a4893d30-f28b-4b37-926e-4465471dc186",
            "timeouts": null
          },
          "sensitive_attributes": []
        }
      ]
    },
    {
      "mode": "data",
      "type": "azurerm_subscription",
      "name": "current",
      "provider": "provider[\"registry.terraform.io/hashicorp/azurerm\"]",
      "instances": [
        {
          "schema_version": 0,
          "attributes": {
            "display_name": "Connectivity",
            "id": "/subscriptions/00898e4d-aeee-49aa-b907-d8473d2234d3",
            "location_placement_id": "Public_2014-09-01",
            "quota_id": "PayAsYouGo_2014-09-01",
            "spending_limit": "Off",
            "state": "Enabled",
            "subscription_id": "00898e4d-aeee-49aa-b907-d8473d2234d3",
            "tags": {},
            "tenant_id": "a4893d30-f28b-4b37-926e-4465471dc186",
            "timeouts": null
          },
          "sensitive_attributes": []
        }
      ]
    },
    {
      "mode": "data",
      "type": "azurerm_subscription",
      "name": "sub_application",
      "provider": "provider[\"registry.terraform.io/hashicorp/azurerm\"]",
      "instances": [
        {
          "schema_version": 0,
          "attributes": {
            "display_name": "Application",
            "id": "/subscriptions/b89bf583-c969-4743-8f42-6878bfb7406a",
            "location_placement_id": "Public_2014-09-01",
            "quota_id": "PayAsYouGo_2014-09-01",
            "spending_limit": "Off",
            "state": "Enabled",
            "subscription_id": "b89bf583-c969-4743-8f42-6878bfb7406a",
            "tags": {},
            "tenant_id": "a4893d30-f28b-4b37-926e-4465471dc186",
            "timeouts": null
          },
          "sensitive_attributes": []
        }
      ]
    },
    {
      "mode": "data",
      "type": "azurerm_subscription",
      "name": "sub_connectivity",
      "provider": "provider[\"registry.terraform.io/hashicorp/azurerm\"]",
      "instances": [
        {
          "schema_version": 0,
          "attributes": {
            "display_name": "Connectivity",
            "id": "/subscriptions/00898e4d-aeee-49aa-b907-d8473d2234d3",
            "location_placement_id": "Public_2014-09-01",
            "quota_id": "PayAsYouGo_2014-09-01",
            "spending_limit": "Off",
            "state": "Enabled",
            "subscription_id": "00898e4d-aeee-49aa-b907-d8473d2234d3",
            "tags": {},
            "tenant_id": "a4893d30-f28b-4b37-926e-4465471dc186",
            "timeouts": null
          },
          "sensitive_attributes": []
        }
      ]
    },
    {
      "mode": "data",
      "type": "azurerm_subscription",
      "name": "sub_identity",
      "provider": "provider[\"registry.terraform.io/hashicorp/azurerm\"]",
      "instances": [
        {
          "schema_version": 0,
          "attributes": {
            "display_name": "Identity",
            "id": "/subscriptions/151bd1cb-49f5-4c90-b3c9-86f6378bfa7a",
            "location_placement_id": "Public_2014-09-01",
            "quota_id": "PayAsYouGo_2014-09-01",
            "spending_limit": "Off",
            "state": "Enabled",
            "subscription_id": "151bd1cb-49f5-4c90-b3c9-86f6378bfa7a",
            "tags": {},
            "tenant_id": "a4893d30-f28b-4b37-926e-4465471dc186",
            "timeouts": null
          },
          "sensitive_attributes": []
        }
      ]
    },
    {
      "mode": "data",
      "type": "azurerm_subscription",
      "name": "sub_management",
      "provider": "provider[\"registry.terraform.io/hashicorp/azurerm\"]",
      "instances": [
        {
          "schema_version": 0,
          "attributes": {
            "display_name": "Management",
            "id": "/subscriptions/a57406d2-0fce-4a90-92c3-9a13b56e29e6",
            "location_placement_id": "Public_2014-09-01",
            "quota_id": "PayAsYouGo_2014-09-01",
            "spending_limit": "Off",
            "state": "Enabled",
            "subscription_id": "a57406d2-0fce-4a90-92c3-9a13b56e29e6",
            "tags": {},
            "tenant_id": "a4893d30-f28b-4b37-926e-4465471dc186",
            "timeouts": null
          },
          "sensitive_attributes": []
        }
      ]
    },
    {
      "mode": "data",
      "type": "azurerm_subscription",
      "name": "sub_online",
      "provider": "provider[\"registry.terraform.io/hashicorp/azurerm\"]",
      "instances": [
        {
          "schema_version": 0,
          "attributes": {
            "display_name": "Online",
            "id": "/subscriptions/24eae693-5914-454a-ac50-2db6d7df85d1",
            "location_placement_id": "Public_2014-09-01",
            "quota_id": "PayAsYouGo_2014-09-01",
            "spending_limit": "Off",
            "state": "Enabled",
            "subscription_id": "24eae693-5914-454a-ac50-2db6d7df85d1",
            "tags": {},
            "tenant_id": "a4893d30-f28b-4b37-926e-4465471dc186",
            "timeouts": null
          },
          "sensitive_attributes": []
        }
      ]
    },
    {
      "mode": "data",
      "type": "azurerm_subscription",
      "name": "sub_security",
      "provider": "provider[\"registry.terraform.io/hashicorp/azurerm\"]",
      "instances": [
        {
          "schema_version": 0,
          "attributes": {
            "display_name": "Security",
            "id": "/subscriptions/687bb9f6-ffaa-47e7-b7b9-e7fdcf75b924",
            "location_placement_id": "Public_2014-09-01",
            "quota_id": "PayAsYouGo_2014-09-01",
            "spending_limit": "Off",
            "state": "Enabled",
            "subscription_id": "687bb9f6-ffaa-47e7-b7b9-e7fdcf75b924",
            "tags": {},
            "tenant_id": "a4893d30-f28b-4b37-926e-4465471dc186",
            "timeouts": null
          },
          "sensitive_attributes": []
        }
      ]
    },
    {
      "mode": "managed",
      "type": "azurerm_management_group",
      "name": "mg_connectivity",
      "provider": "provider[\"registry.terraform.io/hashicorp/azurerm\"]",
      "instances": [
        {
          "schema_version": 0,
          "attributes": {
            "display_name": "Connectivity",
            "id": "/providers/Microsoft.Management/managementGroups/b612a93d-0b2c-477b-93f9-6b0b2eb8b647",
            "name": "b612a93d-0b2c-477b-93f9-6b0b2eb8b647",
            "parent_management_group_id": "/providers/Microsoft.Management/managementGroups/7e0b4cd3-74e0-4e72-9f43-877a349e10d2",
            "subscription_ids": [],
            "tenant_scoped_id": "/tenants/a4893d30-f28b-4b37-926e-4465471dc186/providers/Microsoft.Management/managementGroups/b612a93d-0b2c-477b-93f9-6b0b2eb8b647",
            "timeouts": null
          },
          "sensitive_attributes": [],
          "private": "eyJlMmJmYjczMC1lY2FhLTExZTYtOGY4OC0zNDM2M2JjN2M0YzAiOnsiY3JlYXRlIjoxODAwMDAwMDAwMDAwLCJkZWxldGUiOjE4MDAwMDAwMDAwMDAsInJlYWQiOjMwMDAwMDAwMDAwMCwidXBkYXRlIjoxODAwMDAwMDAwMDAwfX0=",
          "dependencies": [
            "azurerm_management_group.mg_parent",
            "azurerm_management_group.mg_platform"
          ]
        }
      ]
    },
    {
      "mode": "managed",
      "type": "azurerm_management_group",
      "name": "mg_corp",
      "provider": "provider[\"registry.terraform.io/hashicorp/azurerm\"]",
      "instances": [
        {
          "schema_version": 0,
          "attributes": {
            "display_name": "Corp",
            "id": "/providers/Microsoft.Management/managementGroups/536192b8-287b-410d-a129-9f00ddf768b8",
            "name": "536192b8-287b-410d-a129-9f00ddf768b8",
            "parent_management_group_id": "/providers/Microsoft.Management/managementGroups/03756e85-d7f1-4b9e-8f1c-e92ef59b0957",
            "subscription_ids": [],
            "tenant_scoped_id": "/tenants/a4893d30-f28b-4b37-926e-4465471dc186/providers/Microsoft.Management/managementGroups/536192b8-287b-410d-a129-9f00ddf768b8",
            "timeouts": null
          },
          "sensitive_attributes": [],
          "private": "eyJlMmJmYjczMC1lY2FhLTExZTYtOGY4OC0zNDM2M2JjN2M0YzAiOnsiY3JlYXRlIjoxODAwMDAwMDAwMDAwLCJkZWxldGUiOjE4MDAwMDAwMDAwMDAsInJlYWQiOjMwMDAwMDAwMDAwMCwidXBkYXRlIjoxODAwMDAwMDAwMDAwfX0=",
          "dependencies": [
            "azurerm_management_group.mg_landing_zone",
            "azurerm_management_group.mg_parent"
          ]
        }
      ]
    },
    {
      "mode": "managed",
      "type": "azurerm_management_group",
      "name": "mg_decommissioned",
      "provider": "provider[\"registry.terraform.io/hashicorp/azurerm\"]",
      "instances": [
        {
          "schema_version": 0,
          "attributes": {
            "display_name": "Decommissioned",
            "id": "/providers/Microsoft.Management/managementGroups/1c3376c8-1afe-4e17-ae5b-90b50f4c44f6",
            "name": "1c3376c8-1afe-4e17-ae5b-90b50f4c44f6",
            "parent_management_group_id": "/providers/Microsoft.Management/managementGroups/d6145077-7889-490a-81be-d4aa349708ac",
            "subscription_ids": [],
            "tenant_scoped_id": "/tenants/a4893d30-f28b-4b37-926e-4465471dc186/providers/Microsoft.Management/managementGroups/1c3376c8-1afe-4e17-ae5b-90b50f4c44f6",
            "timeouts": null
          },
          "sensitive_attributes": [],
          "private": "eyJlMmJmYjczMC1lY2FhLTExZTYtOGY4OC0zNDM2M2JjN2M0YzAiOnsiY3JlYXRlIjoxODAwMDAwMDAwMDAwLCJkZWxldGUiOjE4MDAwMDAwMDAwMDAsInJlYWQiOjMwMDAwMDAwMDAwMCwidXBkYXRlIjoxODAwMDAwMDAwMDAwfX0=",
          "dependencies": [
            "azurerm_management_group.mg_parent"
          ]
        }
      ]
    },
    {
      "mode": "managed",
      "type": "azurerm_management_group",
      "name": "mg_identity",
      "provider": "provider[\"registry.terraform.io/hashicorp/azurerm\"]",
      "instances": [
        {
          "schema_version": 0,
          "attributes": {
            "display_name": "Identity",
            "id": "/providers/Microsoft.Management/managementGroups/7bd5a8dc-85dc-4a57-89fe-6f051c52cd2c",
            "name": "7bd5a8dc-85dc-4a57-89fe-6f051c52cd2c",
            "parent_management_group_id": "/providers/Microsoft.Management/managementGroups/7e0b4cd3-74e0-4e72-9f43-877a349e10d2",
            "subscription_ids": [],
            "tenant_scoped_id": "/tenants/a4893d30-f28b-4b37-926e-4465471dc186/providers/Microsoft.Management/managementGroups/7bd5a8dc-85dc-4a57-89fe-6f051c52cd2c",
            "timeouts": null
          },
          "sensitive_attributes": [],
          "private": "eyJlMmJmYjczMC1lY2FhLTExZTYtOGY4OC0zNDM2M2JjN2M0YzAiOnsiY3JlYXRlIjoxODAwMDAwMDAwMDAwLCJkZWxldGUiOjE4MDAwMDAwMDAwMDAsInJlYWQiOjMwMDAwMDAwMDAwMCwidXBkYXRlIjoxODAwMDAwMDAwMDAwfX0=",
          "dependencies": [
            "azurerm_management_group.mg_parent",
            "azurerm_management_group.mg_platform"
          ]
        }
      ]
    },
    {
      "mode": "managed",
      "type": "azurerm_management_group",
      "name": "mg_landing_zone",
      "provider": "provider[\"registry.terraform.io/hashicorp/azurerm\"]",
      "instances": [
        {
          "schema_version": 0,
          "attributes": {
            "display_name": "Landing zones",
            "id": "/providers/Microsoft.Management/managementGroups/03756e85-d7f1-4b9e-8f1c-e92ef59b0957",
            "name": "03756e85-d7f1-4b9e-8f1c-e92ef59b0957",
            "parent_management_group_id": "/providers/Microsoft.Management/managementGroups/d6145077-7889-490a-81be-d4aa349708ac",
            "subscription_ids": [],
            "tenant_scoped_id": "/tenants/a4893d30-f28b-4b37-926e-4465471dc186/providers/Microsoft.Management/managementGroups/03756e85-d7f1-4b9e-8f1c-e92ef59b0957",
            "timeouts": null
          },
          "sensitive_attributes": [],
          "private": "eyJlMmJmYjczMC1lY2FhLTExZTYtOGY4OC0zNDM2M2JjN2M0YzAiOnsiY3JlYXRlIjoxODAwMDAwMDAwMDAwLCJkZWxldGUiOjE4MDAwMDAwMDAwMDAsInJlYWQiOjMwMDAwMDAwMDAwMCwidXBkYXRlIjoxODAwMDAwMDAwMDAwfX0=",
          "dependencies": [
            "azurerm_management_group.mg_parent"
          ]
        }
      ]
    },
    {
      "mode": "managed",
      "type": "azurerm_management_group",
      "name": "mg_management",
      "provider": "provider[\"registry.terraform.io/hashicorp/azurerm\"]",
      "instances": [
        {
          "schema_version": 0,
          "attributes": {
            "display_name": "Management",
            "id": "/providers/Microsoft.Management/managementGroups/5f81f2b1-6622-484d-b330-8dde86468593",
            "name": "5f81f2b1-6622-484d-b330-8dde86468593",
            "parent_management_group_id": "/providers/Microsoft.Management/managementGroups/7e0b4cd3-74e0-4e72-9f43-877a349e10d2",
            "subscription_ids": [],
            "tenant_scoped_id": "/tenants/a4893d30-f28b-4b37-926e-4465471dc186/providers/Microsoft.Management/managementGroups/5f81f2b1-6622-484d-b330-8dde86468593",
            "timeouts": null
          },
          "sensitive_attributes": [],
          "private": "eyJlMmJmYjczMC1lY2FhLTExZTYtOGY4OC0zNDM2M2JjN2M0YzAiOnsiY3JlYXRlIjoxODAwMDAwMDAwMDAwLCJkZWxldGUiOjE4MDAwMDAwMDAwMDAsInJlYWQiOjMwMDAwMDAwMDAwMCwidXBkYXRlIjoxODAwMDAwMDAwMDAwfX0=",
          "dependencies": [
            "azurerm_management_group.mg_parent",
            "azurerm_management_group.mg_platform"
          ]
        }
      ]
    },
    {
      "mode": "managed",
      "type": "azurerm_management_group",
      "name": "mg_online",
      "provider": "provider[\"registry.terraform.io/hashicorp/azurerm\"]",
      "instances": [
        {
          "schema_version": 0,
          "attributes": {
            "display_name": "Online",
            "id": "/providers/Microsoft.Management/managementGroups/eb0ec896-0332-43d3-b25c-dc30ea65a099",
            "name": "eb0ec896-0332-43d3-b25c-dc30ea65a099",
            "parent_management_group_id": "/providers/Microsoft.Management/managementGroups/03756e85-d7f1-4b9e-8f1c-e92ef59b0957",
            "subscription_ids": [],
            "tenant_scoped_id": "/tenants/a4893d30-f28b-4b37-926e-4465471dc186/providers/Microsoft.Management/managementGroups/eb0ec896-0332-43d3-b25c-dc30ea65a099",
            "timeouts": null
          },
          "sensitive_attributes": [],
          "private": "eyJlMmJmYjczMC1lY2FhLTExZTYtOGY4OC0zNDM2M2JjN2M0YzAiOnsiY3JlYXRlIjoxODAwMDAwMDAwMDAwLCJkZWxldGUiOjE4MDAwMDAwMDAwMDAsInJlYWQiOjMwMDAwMDAwMDAwMCwidXBkYXRlIjoxODAwMDAwMDAwMDAwfX0=",
          "dependencies": [
            "azurerm_management_group.mg_landing_zone",
            "azurerm_management_group.mg_parent"
          ]
        }
      ]
    },
    {
      "mode": "managed",
      "type": "azurerm_management_group",
      "name": "mg_parent",
      "provider": "provider[\"registry.terraform.io/hashicorp/azurerm\"]",
      "instances": [
        {
          "schema_version": 0,
          "attributes": {
            "display_name": "Lab-organization",
            "id": "/providers/Microsoft.Management/managementGroups/d6145077-7889-490a-81be-d4aa349708ac",
            "name": "d6145077-7889-490a-81be-d4aa349708ac",
            "parent_management_group_id": "/providers/Microsoft.Management/managementGroups/a4893d30-f28b-4b37-926e-4465471dc186",
            "subscription_ids": [],
            "tenant_scoped_id": "/tenants/a4893d30-f28b-4b37-926e-4465471dc186/providers/Microsoft.Management/managementGroups/d6145077-7889-490a-81be-d4aa349708ac",
            "timeouts": null
          },
          "sensitive_attributes": [],
          "private": "eyJlMmJmYjczMC1lY2FhLTExZTYtOGY4OC0zNDM2M2JjN2M0YzAiOnsiY3JlYXRlIjoxODAwMDAwMDAwMDAwLCJkZWxldGUiOjE4MDAwMDAwMDAwMDAsInJlYWQiOjMwMDAwMDAwMDAwMCwidXBkYXRlIjoxODAwMDAwMDAwMDAwfX0="
        }
      ]
    },
    {
      "mode": "managed",
      "type": "azurerm_management_group",
      "name": "mg_platform",
      "provider": "provider[\"registry.terraform.io/hashicorp/azurerm\"]",
      "instances": [
        {
          "schema_version": 0,
          "attributes": {
            "display_name": "Platform",
            "id": "/providers/Microsoft.Management/managementGroups/7e0b4cd3-74e0-4e72-9f43-877a349e10d2",
            "name": "7e0b4cd3-74e0-4e72-9f43-877a349e10d2",
            "parent_management_group_id": "/providers/Microsoft.Management/managementGroups/d6145077-7889-490a-81be-d4aa349708ac",
            "subscription_ids": [],
            "tenant_scoped_id": "/tenants/a4893d30-f28b-4b37-926e-4465471dc186/providers/Microsoft.Management/managementGroups/7e0b4cd3-74e0-4e72-9f43-877a349e10d2",
            "timeouts": null
          },
          "sensitive_attributes": [],
          "private": "eyJlMmJmYjczMC1lY2FhLTExZTYtOGY4OC0zNDM2M2JjN2M0YzAiOnsiY3JlYXRlIjoxODAwMDAwMDAwMDAwLCJkZWxldGUiOjE4MDAwMDAwMDAwMDAsInJlYWQiOjMwMDAwMDAwMDAwMCwidXBkYXRlIjoxODAwMDAwMDAwMDAwfX0=",
          "dependencies": [
            "azurerm_management_group.mg_parent"
          ]
        }
      ]
    },
    {
      "mode": "managed",
      "type": "azurerm_management_group",
      "name": "mg_sandbox",
      "provider": "provider[\"registry.terraform.io/hashicorp/azurerm\"]",
      "instances": [
        {
          "schema_version": 0,
          "attributes": {
            "display_name": "Sandbox",
            "id": "/providers/Microsoft.Management/managementGroups/818f8db1-d061-46cb-b5ab-e70a7651ead5",
            "name": "818f8db1-d061-46cb-b5ab-e70a7651ead5",
            "parent_management_group_id": "/providers/Microsoft.Management/managementGroups/d6145077-7889-490a-81be-d4aa349708ac",
            "subscription_ids": [],
            "tenant_scoped_id": "/tenants/a4893d30-f28b-4b37-926e-4465471dc186/providers/Microsoft.Management/managementGroups/818f8db1-d061-46cb-b5ab-e70a7651ead5",
            "timeouts": null
          },
          "sensitive_attributes": [],
          "private": "eyJlMmJmYjczMC1lY2FhLTExZTYtOGY4OC0zNDM2M2JjN2M0YzAiOnsiY3JlYXRlIjoxODAwMDAwMDAwMDAwLCJkZWxldGUiOjE4MDAwMDAwMDAwMDAsInJlYWQiOjMwMDAwMDAwMDAwMCwidXBkYXRlIjoxODAwMDAwMDAwMDAwfX0=",
          "dependencies": [
            "azurerm_management_group.mg_parent"
          ]
        }
      ]
    },
    {
      "mode": "managed",
      "type": "azurerm_management_group",
      "name": "mg_security",
      "provider": "provider[\"registry.terraform.io/hashicorp/azurerm\"]",
      "instances": [
        {
          "schema_version": 0,
          "attributes": {
            "display_name": "Security",
            "id": "/providers/Microsoft.Management/managementGroups/b5af7141-1c09-4942-b600-f4e268603668",
            "name": "b5af7141-1c09-4942-b600-f4e268603668",
            "parent_management_group_id": "/providers/Microsoft.Management/managementGroups/7e0b4cd3-74e0-4e72-9f43-877a349e10d2",
            "subscription_ids": [],
            "tenant_scoped_id": "/tenants/a4893d30-f28b-4b37-926e-4465471dc186/providers/Microsoft.Management/managementGroups/b5af7141-1c09-4942-b600-f4e268603668",
            "timeouts": null
          },
          "sensitive_attributes": [],
          "private": "eyJlMmJmYjczMC1lY2FhLTExZTYtOGY4OC0zNDM2M2JjN2M0YzAiOnsiY3JlYXRlIjoxODAwMDAwMDAwMDAwLCJkZWxldGUiOjE4MDAwMDAwMDAwMDAsInJlYWQiOjMwMDAwMDAwMDAwMCwidXBkYXRlIjoxODAwMDAwMDAwMDAwfX0=",
          "dependencies": [
            "azurerm_management_group.mg_parent",
            "azurerm_management_group.mg_platform"
          ]
        }
      ]
    },
    {
      "mode": "managed",
      "type": "azurerm_management_group_subscription_association",
      "name": "suba_application",
      "provider": "provider[\"registry.terraform.io/hashicorp/azurerm\"]",
      "instances": [
        {
          "schema_version": 0,
          "attributes": {
            "id": "/managementGroup/536192b8-287b-410d-a129-9f00ddf768b8/subscription/b89bf583-c969-4743-8f42-6878bfb7406a",
            "management_group_id": "/providers/Microsoft.Management/managementGroups/536192b8-287b-410d-a129-9f00ddf768b8",
            "subscription_id": "/subscriptions/b89bf583-c969-4743-8f42-6878bfb7406a",
            "timeouts": null
          },
          "sensitive_attributes": [],
          "private": "eyJlMmJmYjczMC1lY2FhLTExZTYtOGY4OC0zNDM2M2JjN2M0YzAiOnsiY3JlYXRlIjozMDAwMDAwMDAwMDAsImRlbGV0ZSI6MzAwMDAwMDAwMDAwLCJyZWFkIjozMDAwMDAwMDAwMDB9fQ==",
          "dependencies": [
            "azurerm_management_group.mg_corp",
            "azurerm_management_group.mg_landing_zone",
            "azurerm_management_group.mg_parent",
            "data.azurerm_subscription.sub_application"
          ]
        }
      ]
    },
    {
      "mode": "managed",
      "type": "azurerm_management_group_subscription_association",
      "name": "suba_connectivity",
      "provider": "provider[\"registry.terraform.io/hashicorp/azurerm\"]",
      "instances": [
        {
          "schema_version": 0,
          "attributes": {
            "id": "/managementGroup/b612a93d-0b2c-477b-93f9-6b0b2eb8b647/subscription/00898e4d-aeee-49aa-b907-d8473d2234d3",
            "management_group_id": "/providers/Microsoft.Management/managementGroups/b612a93d-0b2c-477b-93f9-6b0b2eb8b647",
            "subscription_id": "/subscriptions/00898e4d-aeee-49aa-b907-d8473d2234d3",
            "timeouts": null
          },
          "sensitive_attributes": [],
          "private": "eyJlMmJmYjczMC1lY2FhLTExZTYtOGY4OC0zNDM2M2JjN2M0YzAiOnsiY3JlYXRlIjozMDAwMDAwMDAwMDAsImRlbGV0ZSI6MzAwMDAwMDAwMDAwLCJyZWFkIjozMDAwMDAwMDAwMDB9fQ==",
          "dependencies": [
            "azurerm_management_group.mg_connectivity",
            "azurerm_management_group.mg_parent",
            "azurerm_management_group.mg_platform",
            "data.azurerm_subscription.sub_connectivity"
          ]
        }
      ]
    },
    {
      "mode": "managed",
      "type": "azurerm_management_group_subscription_association",
      "name": "suba_identity",
      "provider": "provider[\"registry.terraform.io/hashicorp/azurerm\"]",
      "instances": [
        {
          "schema_version": 0,
          "attributes": {
            "id": "/managementGroup/7bd5a8dc-85dc-4a57-89fe-6f051c52cd2c/subscription/151bd1cb-49f5-4c90-b3c9-86f6378bfa7a",
            "management_group_id": "/providers/Microsoft.Management/managementGroups/7bd5a8dc-85dc-4a57-89fe-6f051c52cd2c",
            "subscription_id": "/subscriptions/151bd1cb-49f5-4c90-b3c9-86f6378bfa7a",
            "timeouts": null
          },
          "sensitive_attributes": [],
          "private": "eyJlMmJmYjczMC1lY2FhLTExZTYtOGY4OC0zNDM2M2JjN2M0YzAiOnsiY3JlYXRlIjozMDAwMDAwMDAwMDAsImRlbGV0ZSI6MzAwMDAwMDAwMDAwLCJyZWFkIjozMDAwMDAwMDAwMDB9fQ==",
          "dependencies": [
            "azurerm_management_group.mg_identity",
            "azurerm_management_group.mg_parent",
            "azurerm_management_group.mg_platform",
            "data.azurerm_subscription.sub_identity"
          ]
        }
      ]
    },
    {
      "mode": "managed",
      "type": "azurerm_management_group_subscription_association",
      "name": "suba_management",
      "provider": "provider[\"registry.terraform.io/hashicorp/azurerm\"]",
      "instances": [
        {
          "schema_version": 0,
          "attributes": {
            "id": "/managementGroup/5f81f2b1-6622-484d-b330-8dde86468593/subscription/a57406d2-0fce-4a90-92c3-9a13b56e29e6",
            "management_group_id": "/providers/Microsoft.Management/managementGroups/5f81f2b1-6622-484d-b330-8dde86468593",
            "subscription_id": "/subscriptions/a57406d2-0fce-4a90-92c3-9a13b56e29e6",
            "timeouts": null
          },
          "sensitive_attributes": [],
          "private": "eyJlMmJmYjczMC1lY2FhLTExZTYtOGY4OC0zNDM2M2JjN2M0YzAiOnsiY3JlYXRlIjozMDAwMDAwMDAwMDAsImRlbGV0ZSI6MzAwMDAwMDAwMDAwLCJyZWFkIjozMDAwMDAwMDAwMDB9fQ==",
          "dependencies": [
            "azurerm_management_group.mg_management",
            "azurerm_management_group.mg_parent",
            "azurerm_management_group.mg_platform",
            "data.azurerm_subscription.sub_management"
          ]
        }
      ]
    },
    {
      "mode": "managed",
      "type": "azurerm_management_group_subscription_association",
      "name": "suba_online",
      "provider": "provider[\"registry.terraform.io/hashicorp/azurerm\"]",
      "instances": [
        {
          "schema_version": 0,
          "attributes": {
            "id": "/managementGroup/eb0ec896-0332-43d3-b25c-dc30ea65a099/subscription/24eae693-5914-454a-ac50-2db6d7df85d1",
            "management_group_id": "/providers/Microsoft.Management/managementGroups/eb0ec896-0332-43d3-b25c-dc30ea65a099",
            "subscription_id": "/subscriptions/24eae693-5914-454a-ac50-2db6d7df85d1",
            "timeouts": null
          },
          "sensitive_attributes": [],
          "private": "eyJlMmJmYjczMC1lY2FhLTExZTYtOGY4OC0zNDM2M2JjN2M0YzAiOnsiY3JlYXRlIjozMDAwMDAwMDAwMDAsImRlbGV0ZSI6MzAwMDAwMDAwMDAwLCJyZWFkIjozMDAwMDAwMDAwMDB9fQ==",
          "dependencies": [
            "azurerm_management_group.mg_landing_zone",
            "azurerm_management_group.mg_online",
            "azurerm_management_group.mg_parent",
            "data.azurerm_subscription.sub_online"
          ]
        }
      ]
    },
    {
      "mode": "managed",
      "type": "azurerm_management_group_subscription_association",
      "name": "suba_security",
      "provider": "provider[\"registry.terraform.io/hashicorp/azurerm\"]",
      "instances": [
        {
          "schema_version": 0,
          "attributes": {
            "id": "/managementGroup/b5af7141-1c09-4942-b600-f4e268603668/subscription/687bb9f6-ffaa-47e7-b7b9-e7fdcf75b924",
            "management_group_id": "/providers/Microsoft.Management/managementGroups/b5af7141-1c09-4942-b600-f4e268603668",
            "subscription_id": "/subscriptions/687bb9f6-ffaa-47e7-b7b9-e7fdcf75b924",
            "timeouts": null
          },
          "sensitive_attributes": [],
          "private": "eyJlMmJmYjczMC1lY2FhLTExZTYtOGY4OC0zNDM2M2JjN2M0YzAiOnsiY3JlYXRlIjozMDAwMDAwMDAwMDAsImRlbGV0ZSI6MzAwMDAwMDAwMDAwLCJyZWFkIjozMDAwMDAwMDAwMDB9fQ==",
          "dependencies": [
            "azurerm_management_group.mg_parent",
            "azurerm_management_group.mg_platform",
            "azurerm_management_group.mg_security",
            "data.azurerm_subscription.sub_security"
          ]
        }
      ]
    },
    {
      "mode": "managed",
      "type": "azurerm_network_security_group",
      "name": "nsg",
      "provider": "provider[\"registry.terraform.io/hashicorp/azurerm\"]",
      "instances": [
        {
          "schema_version": 0,
          "attributes": {
            "id": "/subscriptions/00898e4d-aeee-49aa-b907-d8473d2234d3/resourceGroups/rg-vnet-lab-bs/providers/Microsoft.Network/networkSecurityGroups/nsg-lab-bs",
            "location": "brazilsouth",
            "name": "nsg-lab-bs",
            "resource_group_name": "rg-vnet-lab-bs",
            "security_rule": [],
            "tags": null,
            "timeouts": null
          },
          "sensitive_attributes": [],
          "private": "eyJlMmJmYjczMC1lY2FhLTExZTYtOGY4OC0zNDM2M2JjN2M0YzAiOnsiY3JlYXRlIjoxODAwMDAwMDAwMDAwLCJkZWxldGUiOjE4MDAwMDAwMDAwMDAsInJlYWQiOjMwMDAwMDAwMDAwMCwidXBkYXRlIjoxODAwMDAwMDAwMDAwfX0=",
          "dependencies": [
            "azurerm_resource_group.rg-nw",
            "data.azurerm_subscription.sub_connectivity"
          ]
        }
      ]
    },
    {
      "mode": "managed",
      "type": "azurerm_resource_group",
      "name": "rg-nw",
      "provider": "provider[\"registry.terraform.io/hashicorp/azurerm\"]",
      "instances": [
        {
          "schema_version": 0,
          "attributes": {
            "id": "/subscriptions/00898e4d-aeee-49aa-b907-d8473d2234d3/resourceGroups/rg-vnet-lab-bs",
            "location": "brazilsouth",
            "managed_by": "",
            "name": "rg-vnet-lab-bs",
            "tags": null,
            "timeouts": null
          },
          "sensitive_attributes": [],
          "private": "eyJlMmJmYjczMC1lY2FhLTExZTYtOGY4OC0zNDM2M2JjN2M0YzAiOnsiY3JlYXRlIjo1NDAwMDAwMDAwMDAwLCJkZWxldGUiOjU0MDAwMDAwMDAwMDAsInJlYWQiOjMwMDAwMDAwMDAwMCwidXBkYXRlIjo1NDAwMDAwMDAwMDAwfX0=",
          "dependencies": [
            "data.azurerm_subscription.sub_connectivity"
          ]
        }
      ]
    },
    {
      "mode": "managed",
      "type": "azurerm_virtual_network",
      "name": "vnet",
      "provider": "provider[\"registry.terraform.io/hashicorp/azurerm\"]",
      "instances": [
        {
          "schema_version": 0,
          "attributes": {
            "address_space": [
              "10.0.0.0/16"
            ],
            "bgp_community": "",
            "ddos_protection_plan": [],
            "dns_servers": [],
            "edge_zone": "",
            "encryption": [],
            "flow_timeout_in_minutes": 0,
            "guid": "1e3de977-16d4-4328-9f9e-147112e5df85",
            "id": "/subscriptions/00898e4d-aeee-49aa-b907-d8473d2234d3/resourceGroups/rg-vnet-lab-bs/providers/Microsoft.Network/virtualNetworks/vnet-lab-bs",
            "location": "brazilsouth",
            "name": "vnet-lab-bs",
            "resource_group_name": "rg-vnet-lab-bs",
            "subnet": [],
            "tags": null,
            "timeouts": null
          },
          "sensitive_attributes": [],
          "private": "eyJlMmJmYjczMC1lY2FhLTExZTYtOGY4OC0zNDM2M2JjN2M0YzAiOnsiY3JlYXRlIjoxODAwMDAwMDAwMDAwLCJkZWxldGUiOjE4MDAwMDAwMDAwMDAsInJlYWQiOjMwMDAwMDAwMDAwMCwidXBkYXRlIjoxODAwMDAwMDAwMDAwfX0=",
          "dependencies": [
            "azurerm_resource_group.rg-nw",
            "data.azurerm_subscription.sub_connectivity"
          ]
        }
      ]
    },
    {
      "mode": "managed",
      "type": "random_id",
      "name": "random_id",
      "provider": "provider[\"registry.terraform.io/hashicorp/random\"]",
      "instances": [
        {
          "schema_version": 0,
          "attributes": {
            "b64_std": "QVE3Xxk=",
            "b64_url": "QVE3Xxk",
            "byte_length": 5,
            "dec": "280535457561",
            "hex": "4151375f19",
            "id": "QVE3Xxk",
            "keepers": {},
            "prefix": null
          },
          "sensitive_attributes": []
        }
      ]
    }
  ],
  "check_results": null
}
